
Microsoft Visual Studio Solution File, Format Version 12.00
# Visual Studio 15
VisualStudioVersion = 15.0.28010.2036
MinimumVisualStudioVersion = 10.0.40219.1
Project("{FAE04EC0-301F-11D3-BF4B-00C04F79EFBC}") = "demonetization_game", "demonetization_game\demonetization_game.csproj", "{68717A7A-9391-4FE5-A885-F86FE60C4AE7}"
EndProject
Global
	GlobalSection(SolutionConfigurationPlatforms) = preSolution
		Debug|Any CPU = Debug|Any CPU
		Release|Any CPU = Release|Any CPU
	EndGlobalSection
	GlobalSection(ProjectConfigurationPlatforms) = postSolution
		{68717A7A-9391-4FE5-A885-F86FE60C4AE7}.Debug|Any CPU.ActiveCfg = Debug|Any CPU
		{68717A7A-9391-4FE5-A885-F86FE60C4AE7}.Debug|Any CPU.Build.0 = Debug|Any CPU
		{68717A7A-9391-4FE5-A885-F86FE60C4AE7}.Release|Any CPU.ActiveCfg = Release|Any CPU
		{68717A7A-9391-4FE5-A885-F86FE60C4AE7}.Release|Any CPU.Build.0 = Release|Any CPU
	EndGlobalSection
	GlobalSection(SolutionProperties) = preSolution
		HideSolutionNode = FALSE
	EndGlobalSection
	GlobalSection(ExtensibilityGlobals) = postSolution
		SolutionGuid = {7E1242FB-747B-4352-99D7-8D36DB0F4FDC}
	EndGlobalSection
EndGlobal
